// !$*UTF8*$!
{
	archiveVersion = 1;
	classes = {
	};
	objectVersion = 46;
	objects = {

/* Begin PBXBuildFile section */
		134DED311C414E77002B23A4 /* main.m in Sources */ = {isa = PBXBuildFile; fileRef = 134DED301C414E77002B23A4 /* main.m */; };
		134DED341C414E77002B23A4 /* AppDelegate.m in Sources */ = {isa = PBXBuildFile; fileRef = 134DED331C414E77002B23A4 /* AppDelegate.m */; };
		134DED371C414E77002B23A4 /* ViewController.m in Sources */ = {isa = PBXBuildFile; fileRef = 134DED361C414E77002B23A4 /* ViewController.m */; };
		134DED3A1C414E77002B23A4 /* Main.storyboard in Resources */ = {isa = PBXBuildFile; fileRef = 134DED381C414E77002B23A4 /* Main.storyboard */; };
		134DED3C1C414E77002B23A4 /* Assets.xcassets in Resources */ = {isa = PBXBuildFile; fileRef = 134DED3B1C414E77002B23A4 /* Assets.xcassets */; };
		134DED3F1C414E77002B23A4 /* LaunchScreen.storyboard in Resources */ = {isa = PBXBuildFile; fileRef = 134DED3D1C414E77002B23A4 /* LaunchScreen.storyboard */; };
/* End PBXBuildFile section */

/* Begin PBXFileReference section */
		134DED2C1C414E77002B23A4 /* NewPlant.app */ = {isa = PBXFileReference; explicitFileType = wrapper.application; includeInIndex = 0; path = NewPlant.app; sourceTree = BUILT_PRODUCTS_DIR; };
		134DED301C414E77002B23A4 /* main.m */ = {isa = PBXFileReference; lastKnownFileType = sourcecode.c.objc; path = main.m; sourceTree = "<group>"; };
		134DED321C414E77002B23A4 /* AppDelegate.h */ = {isa = PBXFileReference; lastKnownFileType = sourcecode.c.h; path = AppDelegate.h; sourceTree = "<group>"; };
		134DED331C414E77002B23A4 /* AppDelegate.m */ = {isa = PBXFileReference; lastKnownFileType = sourcecode.c.objc; path = AppDelegate.m; sourceTree = "<group>"; };
		134DED351C414E77002B23A4 /* ViewController.h */ = {isa = PBXFileReference; lastKnownFileType = sourcecode.c.h; path = ViewController.h; sourceTree = "<group>"; };
		134DED361C414E77002B23A4 /* ViewController.m */ = {isa = PBXFileReference; lastKnownFileType = sourcecode.c.objc; path = ViewController.m; sourceTree = "<group>"; };
		134DED391C414E77002B23A4 /* Base */ = {isa = PBXFileReference; lastKnownFileType = file.storyboard; name = Base; path = Base.lproj/Main.storyboard; sourceTree = "<group>"; };
		134DED3B1C414E77002B23A4 /* Assets.xcassets */ = {isa = PBXFileReference; lastKnownFileType = folder.assetcatalog; path = Assets.xcassets; sourceTree = "<group>"; };
		134DED3E1C414E77002B23A4 /* Base */ = {isa = PBXFileReference; lastKnownFileType = file.storyboard; name = Base; path = Base.lproj/LaunchScreen.storyboard; sourceTree = "<group>"; };
		134DED401C414E77002B23A4 /* Info.plist */ = {isa = PBXFileReference; lastKnownFileType = text.plist.xml; path = Info.plist; sourceTree = "<group>"; };
/* End PBXFileReference section */

/* Begin PBXFrameworksBuildPhase section */
		134DED291C414E77002B23A4 /* Frameworks */ = {
			isa = PBXFrameworksBuildPhase;
			buildActionMask = 2147483647;
			files = (
			);
			runOnlyForDeploymentPostprocessing = 0;
		};
/* End PBXFrameworksBuildPhase section */

/* Begin PBXGroup section */
		134DED231C414E77002B23A4 = {
			isa = PBXGroup;
			children = (
				134DED2E1C414E77002B23A4 /* NewPlant */,
				134DED2D1C414E77002B23A4 /* Products */,
			);
			sourceTree = "<group>";
		};
		134DED2D1C414E77002B23A4 /* Products */ = {
			isa = PBXGroup;
			children = (
				134DED2C1C414E77002B23A4 /* NewPlant.app */,
			);
			name = Products;
			sourceTree = "<group>";
		};
		134DED2E1C414E77002B23A4 /* NewPlant */ = {
			isa = PBXGroup;
			children = (
				134DED321C414E77002B23A4 /* AppDelegate.h */,
				134DED331C414E77002B23A4 /* AppDelegate.m */,
				134DED351C414E77002B23A4 /* ViewController.h */,
				134DED361C414E77002B23A4 /* ViewController.m */,
				134DED381C414E77002B23A4 /* Main.storyboard */,
				134DED3B1C414E77002B23A4 /* Assets.xcassets */,
				134DED3D1C414E77002B23A4 /* LaunchScreen.storyboard */,
				134DED401C414E77002B23A4 /* Info.plist */,
				134DED2F1C414E77002B23A4 /* Supporting Files */,
			);
			path = NewPlant;
			sourceTree = "<group>";
		};
		134DED2F1C414E77002B23A4 /* Supporting Files */ = {
			isa = PBXGroup;
			children = (
				134DED301C414E77002B23A4 /* main.m */,
			);
			name = "Supporting Files";
			sourceTree = "<group>";
		};
/* End PBXGroup section */

/* Begin PBXNativeTarget section */
		134DED2B1C414E77002B23A4 /* NewPlant */ = {
			isa = PBXNativeTarget;
			buildConfigurationList = 134DED431C414E77002B23A4 /* Build configuration list for PBXNativeTarget "NewPlant" */;
			buildPhases = (
				134DED281C414E77002B23A4 /* Sources */,
				134DED291C414E77002B23A4 /* Frameworks */,
				134DED2A1C414E77002B23A4 /* Resources */,
			);
			buildRules = (
			);
			dependencies = (
			);
			name = NewPlant;
			productName = NewPlant;
			productReference = 134DED2C1C414E77002B23A4 /* NewPlant.app */;
			productType = "com.apple.product-type.application";
		};
/* End PBXNativeTarget section */

/* Begin PBXProject section */
		134DED241C414E77002B23A4 /* Project object */ = {
			isa = PBXProject;
			attributes = {
				LastUpgradeCheck = 0700;
				ORGANIZATIONNAME = RogerRoan;
				TargetAttributes = {
					134DED2B1C414E77002B23A4 = {
						CreatedOnToolsVersion = 7.0.1;
						DevelopmentTeam = KZQY9M456D;
					};
				};
			};
			buildConfigurationList = 134DED271C414E77002B23A4 /* Build configuration list for PBXProject "NewPlant" */;
			compatibilityVersion = "Xcode 3.2";
			developmentRegion = English;
			hasScannedForEncodings = 0;
			knownRegions = (
				en,
				Base,
			);
			mainGroup = 134DED231C414E77002B23A4;
			productRefGroup = 134DED2D1C414E77002B23A4 /* Products */;
			projectDirPath = "";
			projectRoot = "";
			targets = (
				134DED2B1C414E77002B23A4 /* NewPlant */,
			);
		};
/* End PBXProject section */

/* Begin PBXResourcesBuildPhase section */
		134DED2A1C414E77002B23A4 /* Resources */ = {
			isa = PBXResourcesBuildPhase;
			buildActionMask = 2147483647;
			files = (
				134DED3F1C414E77002B23A4 /* LaunchScreen.storyboard in Resources */,
				134DED3C1C414E77002B23A4 /* Assets.xcassets in Resources */,
				134DED3A1C414E77002B23A4 /* Main.storyboard in Resources */,
			);
			runOnlyForDeploymentPostprocessing = 0;
		};
/* End PBXResourcesBuildPhase section */

/* Begin PBXSourcesBuildPhase section */
		134DED281C414E77002B23A4 /* Sources */ = {
			isa = PBXSourcesBuildPhase;
			buildActionMask = 2147483647;
			files = (
				134DED371C414E77002B23A4 /* ViewController.m in Sources */,
				134DED341C414E77002B23A4 /* AppDelegate.m in Sources */,
				134DED311C414E77002B23A4 /* main.m in Sources */,
			);
			runOnlyForDeploymentPostprocessing = 0;
		};
/* End PBXSourcesBuildPhase section */

/* Begin PBXVariantGroup section */
		134DED381C414E77002B23A4 /* Main.storyboard */ = {
			isa = PBXVariantGroup;
			children = (
				134DED391C414E77002B23A4 /* Base */,
			);
			name = Main.storyboard;
			sourceTree = "<group>";
		};
		134DED3D1C414E77002B23A4 /* LaunchScreen.storyboard */ = {
			isa = PBXVariantGroup;
			children = (
				134DED3E1C414E77002B23A4 /* Base */,
			);
			name = LaunchScreen.storyboard;
			sourceTree = "<group>";
		};
/* End PBXVariantGroup section */

/* Begin XCBuildConfiguration section */
		134DED411C414E77002B23A4 /* Debug */ = {
			isa = XCBuildConfiguration;
			buildSettings = {
				ALWAYS_SEARCH_USER_PATHS = NO;
				CLANG_CXX_LANGUAGE_STANDARD = "gnu++0x";
				CLANG_CXX_LIBRARY = "libc++";
				CLANG_ENABLE_MODULES = YES;
				CLANG_ENABLE_OBJC_ARC = YES;
				CLANG_WARN_BOOL_CONVERSION = YES;
				CLANG_WARN_CONSTANT_CONVERSION = YES;
				CLANG_WARN_DIRECT_OBJC_ISA_USAGE = YES_ERROR;
				CLANG_WARN_EMPTY_BODY = YES;
				CLANG_WARN_ENUM_CONVERSION = YES;
				CLANG_WARN_INT_CONVERSION = YES;
				CLANG_WARN_OBJC_ROOT_CLASS = YES_ERROR;
				CLANG_WARN_UNREACHABLE_CODE = YES;
				CLANG_WARN__DUPLICATE_METHOD_MATCH = YES;
				"CODE_SIGN_IDENTITY[sdk=iphoneos*]" = "iPhone Developer";
				COPY_PHASE_STRIP = NO;
				DEBUG_INFORMATION_FORMAT = dwarf;
				ENABLE_STRICT_OBJC_MSGSEND = YES;
				ENABLE_TESTABILITY = YES;
				GCC_C_LANGUAGE_STANDARD = gnu99;
				GCC_DYNAMIC_NO_PIC = NO;
				GCC_NO_COMMON_BLOCKS = YES;
				GCC_OPTIMIZATION_LEVEL = 0;
				GCC_PREPROCESSOR_DEFINITIONS = (
					"DEBUG=1",
					"$(inherited)",
				);
				GCC_WARN_64_TO_32_BIT_CONVERSION = YES;
				GCC_WARN_ABOUT_RETURN_TYPE = YES_ERROR;
				GCC_WARN_UNDECLARED_SELECTOR = YES;
				GCC_WARN_UNINITIALIZED_AUTOS = YES_AGGRESSIVE;
				GCC_WARN_UNUSED_FUNCTION = YES;
				GCC_WARN_UNUSED_VARIABLE = YES;
				IPHONEOS_DEPLOYMENT_TARGET = 9.0;
				MTL_ENABLE_DEBUG_INFO = YES;
				ONLY_ACTIVE_ARCH = YES;
				SDKROOT = iphoneos;
				TARGETED_DEVICE_FAMILY = "1,2";
			};
			name = Debug;
		};
		134DED421C414E77002B23A4 /* Release */ = {
			isa = XCBuildConfiguration;
			buildSettings = {
				ALWAYS_SEARCH_USER_PATHS = NO;
				CLANG_CXX_LANGUAGE_STANDARD = "gnu++0x";
				CLANG_CXX_LIBRARY = "libc++";
				CLANG_ENABLE_MODULES = YES;
				CLANG_ENABLE_OBJC_ARC = YES;
				CLANG_WARN_BOOL_CONVERSION = YES;
				CLANG_WARN_CONSTANT_CONVERSION = YES;
				CLANG_WARN_DIRECT_OBJC_ISA_USAGE = YES_ERROR;
				CLANG_WARN_EMPTY_BODY = YES;
				CLANG_WARN_ENUM_CONVERSION = YES;
				CLANG_WARN_INT_CONVERSION = YES;
				CLANG_WARN_OBJC_ROOT_CLASS = YES_ERROR;
				CLANG_WARN_UNREACHABLE_CODE = YES;
				CLANG_WARN__DUPLICATE_METHOD_MATCH = YES;
				"CODE_SIGN_IDENTITY[sdk=iphoneos*]" = "iPhone Developer";
				COPY_PHASE_STRIP = NO;
				DEBUG_INFORMATION_FORMAT = "dwarf-with-dsym";
				ENABLE_NS_ASSERTIONS = NO;
				ENABLE_STRICT_OBJC_MSGSEND = YES;
				GCC_C_LANGUAGE_STANDARD = gnu99;
				GCC_NO_COMMON_BLOCKS = YES;
				GCC_WARN_64_TO_32_BIT_CONVERSION = YES;
				GCC_WARN_ABOUT_RETURN_TYPE = YES_ERROR;
				GCC_WARN_UNDECLARED_SELECTOR = YES;
				GCC_WARN_UNINITIALIZED_AUTOS = YES_AGGRESSIVE;
				GCC_WARN_UNUSED_FUNCTION = YES;
				GCC_WARN_UNUSED_VARIABLE = YES;
				IPHONEOS_DEPLOYMENT_TARGET = 9.0;
				MTL_ENABLE_DEBUG_INFO = NO;
				SDKROOT = iphoneos;
				TARGETED_DEVICE_FAMILY = "1,2";
				VALIDATE_PRODUCT = YES;
			};
			name = Release;
		};
		134DED441C414E77002B23A4 /* Debug */ = {
			isa = XCBuildConfiguration;
			buildSettings = {
				ASSETCATALOG_COMPILER_APPICON_NAME = AppIcon;
				INFOPLIST_FILE = NewPlant/Info.plist;
				LD_RUNPATH_SEARCH_PATHS = "$(inherited) @executable_path/Frameworks";
				PRODUCT_BUNDLE_IDENTIFIER = com.roger.plant.NewPlant;
				PRODUCT_NAME = "$(TARGET_NAME)";
			};
			name = Debug;
		};
		134DED451C414E77002B23A4 /* Release */ = {
			isa = XCBuildConfiguration;
			buildSettings = {
				ASSETCATALOG_COMPILER_APPICON_NAME = AppIcon;
				INFOPLIST_FILE = NewPlant/Info.plist;
				LD_RUNPATH_SEARCH_PATHS = "$(inherited) @executable_path/Frameworks";
				PRODUCT_BUNDLE_IDENTIFIER = com.roger.plant.NewPlant;
				PRODUCT_NAME = "$(TARGET_NAME)";
			};
			name = Release;
		};
/* End XCBuildConfiguration section */

/* Begin XCConfigurationList section */
		134DED271C414E77002B23A4 /* Build configuration list for PBXProject "NewPlant" */ = {
			isa = XCConfigurationList;
			buildConfigurations = (
				134DED411C414E77002B23A4 /* Debug */,
				134DED421C414E77002B23A4 /* Release */,
			);
			defaultConfigurationIsVisible = 0;
			defaultConfigurationName = Release;
		};
		134DED431C414E77002B23A4 /* Build configuration list for PBXNativeTarget "NewPlant" */ = {
			isa = XCConfigurationList;
			buildConfigurations = (
				134DED441C414E77002B23A4 /* Debug */,
				134DED451C414E77002B23A4 /* Release */,
			);
			defaultConfigurationIsVisible = 0;
		};
/* End XCConfigurationList section */
	};
	rootObject = 134DED241C414E77002B23A4 /* Project object */;
}
